{
	"name": "spotify-clone",
	"version": "1.0.0",
	"lockfileVersion": 3,
	"requires": true,
	"packages": {
		"": {
			"name": "spotify-clone",
			"version": "1.0.0",
			"hasInstallScript": true,
			"license": "ISC",
			"dependencies": {
				"@clerk/clerk-react": "^5.25.0",
				"@radix-ui/react-avatar": "^1.1.3",
				"@radix-ui/react-dialog": "^1.1.6",
				"@radix-ui/react-icons": "^1.3.2",
				"@radix-ui/react-scroll-area": "^1.2.3",
				"@radix-ui/react-slider": "^1.2.3",
				"@radix-ui/react-slot": "^1.1.2",
				"@radix-ui/react-tabs": "^1.1.3",
				"class-variance-authority": "^0.7.1",
				"lucide-react": "^0.483.0",
				"react-hot-toast": "^2.5.2",
				"react-resizable-panels": "^2.1.7",
				"react-router-dom": "^7.4.0"
			},
			"devDependencies": {
				"typescript": "^5.8.2"
			}
		},
		"node_modules/@clerk/clerk-react": {
			"version": "5.25.0",
			"resolved": "https://registry.npmjs.org/@clerk/clerk-react/-/clerk-react-5.25.0.tgz",
			"integrity": "sha512-WxQuiQVb9+phg5cO5HXiTnuUGY04pmKmKT1fJwLB7TMptb7QaV0oLelhGXDY2MnHb8ODzMPdhaHOlll9Kb6CLw==",
			"license": "MIT",
			"dependencies": {
				"@clerk/shared": "^3.0.2",
				"@clerk/types": "^4.49.0",
				"tslib": "2.8.1"
			},
			"engines": {
				"node": ">=18.17.0"
			},
			"peerDependencies": {
				"react": "^18.0.0 || ^19.0.0 || ^19.0.0-0",
				"react-dom": "^18.0.0 || ^19.0.0 || ^19.0.0-0"
			}
		},
		"node_modules/@clerk/shared": {
			"version": "3.0.2",
			"resolved": "https://registry.npmjs.org/@clerk/shared/-/shared-3.0.2.tgz",
			"integrity": "sha512-d18X5GX70BLAZsJj6VkIjinnkht2Q/TJbhJbTlXZTvs7VOTax6mst5xaIXuS2EX8i/lyejbKg4j2whW7iAW4wA==",
			"hasInstallScript": true,
			"license": "MIT",
			"dependencies": {
				"@clerk/types": "^4.49.0",
				"dequal": "2.0.3",
				"glob-to-regexp": "0.4.1",
				"js-cookie": "3.0.5",
				"std-env": "^3.7.0",
				"swr": "^2.2.0"
			},
			"engines": {
				"node": ">=18.17.0"
			},
			"peerDependencies": {
				"react": "^18.0.0 || ^19.0.0 || ^19.0.0-0",
				"react-dom": "^18.0.0 || ^19.0.0 || ^19.0.0-0"
			},
			"peerDependenciesMeta": {
				"react": {
					"optional": true
				},
				"react-dom": {
					"optional": true
				}
			}
		},
		"node_modules/@clerk/types": {
			"version": "4.49.0",
			"resolved": "https://registry.npmjs.org/@clerk/types/-/types-4.49.0.tgz",
			"integrity": "sha512-ps/hKza4BS1VYuAjCVgALwmJ5xWYDJapxS1Zj4uBjiJRsZovofNznekKwHNIeaicAZZa0Emi+TranGuAam+9kw==",
			"license": "MIT",
			"dependencies": {
				"csstype": "3.1.3"
			},
			"engines": {
				"node": ">=18.17.0"
			}
		},
		"node_modules/@radix-ui/number": {
			"version": "1.1.0",
			"resolved": "https://registry.npmjs.org/@radix-ui/number/-/number-1.1.0.tgz",
			"integrity": "sha512-V3gRzhVNU1ldS5XhAPTom1fOIo4ccrjjJgmE+LI2h/WaFpHmx0MQApT+KZHnx8abG6Avtfcz4WoEciMnpFT3HQ==",
			"license": "MIT"
		},
		"node_modules/@radix-ui/primitive": {
			"version": "1.1.1",
			"resolved": "https://registry.npmjs.org/@radix-ui/primitive/-/primitive-1.1.1.tgz",
			"integrity": "sha512-SJ31y+Q/zAyShtXJc8x83i9TYdbAfHZ++tUZnvjJJqFjzsdUnKsxPL6IEtBlxKkU7yzer//GQtZSV4GbldL3YA==",
			"license": "MIT"
		},
		"node_modules/@radix-ui/react-avatar": {
			"version": "1.1.3",
			"resolved": "https://registry.npmjs.org/@radix-ui/react-avatar/-/react-avatar-1.1.3.tgz",
			"integrity": "sha512-Paen00T4P8L8gd9bNsRMw7Cbaz85oxiv+hzomsRZgFm2byltPFDtfcoqlWJ8GyZlIBWgLssJlzLCnKU0G0302g==",
			"license": "MIT",
			"dependencies": {
				"@radix-ui/react-context": "1.1.1",
				"@radix-ui/react-primitive": "2.0.2",
				"@radix-ui/react-use-callback-ref": "1.1.0",
				"@radix-ui/react-use-layout-effect": "1.1.0"
			},
			"peerDependencies": {
				"@types/react": "*",
				"@types/react-dom": "*",
				"react": "^16.8 || ^17.0 || ^18.0 || ^19.0 || ^19.0.0-rc",
				"react-dom": "^16.8 || ^17.0 || ^18.0 || ^19.0 || ^19.0.0-rc"
			},
			"peerDependenciesMeta": {
				"@types/react": {
					"optional": true
				},
				"@types/react-dom": {
					"optional": true
				}
			}
		},
		"node_modules/@radix-ui/react-collection": {
			"version": "1.1.2",
			"resolved": "https://registry.npmjs.org/@radix-ui/react-collection/-/react-collection-1.1.2.tgz",
			"integrity": "sha512-9z54IEKRxIa9VityapoEYMuByaG42iSy1ZXlY2KcuLSEtq8x4987/N6m15ppoMffgZX72gER2uHe1D9Y6Unlcw==",
			"license": "MIT",
			"dependencies": {
				"@radix-ui/react-compose-refs": "1.1.1",
				"@radix-ui/react-context": "1.1.1",
				"@radix-ui/react-primitive": "2.0.2",
				"@radix-ui/react-slot": "1.1.2"
			},
			"peerDependencies": {
				"@types/react": "*",
				"@types/react-dom": "*",
				"react": "^16.8 || ^17.0 || ^18.0 || ^19.0 || ^19.0.0-rc",
				"react-dom": "^16.8 || ^17.0 || ^18.0 || ^19.0 || ^19.0.0-rc"
			},
			"peerDependenciesMeta": {
				"@types/react": {
					"optional": true
				},
				"@types/react-dom": {
					"optional": true
				}
			}
		},
		"node_modules/@radix-ui/react-compose-refs": {
			"version": "1.1.1",
			"resolved": "https://registry.npmjs.org/@radix-ui/react-compose-refs/-/react-compose-refs-1.1.1.tgz",
			"integrity": "sha512-Y9VzoRDSJtgFMUCoiZBDVo084VQ5hfpXxVE+NgkdNsjiDBByiImMZKKhxMwCbdHvhlENG6a833CbFkOQvTricw==",
			"license": "MIT",
			"peerDependencies": {
				"@types/react": "*",
				"react": "^16.8 || ^17.0 || ^18.0 || ^19.0 || ^19.0.0-rc"
			},
			"peerDependenciesMeta": {
				"@types/react": {
					"optional": true
				}
			}
		},
		"node_modules/@radix-ui/react-context": {
			"version": "1.1.1",
			"resolved": "https://registry.npmjs.org/@radix-ui/react-context/-/react-context-1.1.1.tgz",
			"integrity": "sha512-UASk9zi+crv9WteK/NU4PLvOoL3OuE6BWVKNF6hPRBtYBDXQ2u5iu3O59zUlJiTVvkyuycnqrztsHVJwcK9K+Q==",
			"license": "MIT",
			"peerDependencies": {
				"@types/react": "*",
				"react": "^16.8 || ^17.0 || ^18.0 || ^19.0 || ^19.0.0-rc"
			},
			"peerDependenciesMeta": {
				"@types/react": {
					"optional": true
				}
			}
		},
		"node_modules/@radix-ui/react-dialog": {
			"version": "1.1.6",
			"resolved": "https://registry.npmjs.org/@radix-ui/react-dialog/-/react-dialog-1.1.6.tgz",
			"integrity": "sha512-/IVhJV5AceX620DUJ4uYVMymzsipdKBzo3edo+omeskCKGm9FRHM0ebIdbPnlQVJqyuHbuBltQUOG2mOTq2IYw==",
			"license": "MIT",
			"dependencies": {
				"@radix-ui/primitive": "1.1.1",
				"@radix-ui/react-compose-refs": "1.1.1",
				"@radix-ui/react-context": "1.1.1",
				"@radix-ui/react-dismissable-layer": "1.1.5",
				"@radix-ui/react-focus-guards": "1.1.1",
				"@radix-ui/react-focus-scope": "1.1.2",
				"@radix-ui/react-id": "1.1.0",
				"@radix-ui/react-portal": "1.1.4",
				"@radix-ui/react-presence": "1.1.2",
				"@radix-ui/react-primitive": "2.0.2",
				"@radix-ui/react-slot": "1.1.2",
				"@radix-ui/react-use-controllable-state": "1.1.0",
				"aria-hidden": "^1.2.4",
				"react-remove-scroll": "^2.6.3"
			},
			"peerDependencies": {
				"@types/react": "*",
				"@types/react-dom": "*",
				"react": "^16.8 || ^17.0 || ^18.0 || ^19.0 || ^19.0.0-rc",
				"react-dom": "^16.8 || ^17.0 || ^18.0 || ^19.0 || ^19.0.0-rc"
			},
			"peerDependenciesMeta": {
				"@types/react": {
					"optional": true
				},
				"@types/react-dom": {
					"optional": true
				}
			}
		},
		"node_modules/@radix-ui/react-direction": {
			"version": "1.1.0",
			"resolved": "https://registry.npmjs.org/@radix-ui/react-direction/-/react-direction-1.1.0.tgz",
			"integrity": "sha512-BUuBvgThEiAXh2DWu93XsT+a3aWrGqolGlqqw5VU1kG7p/ZH2cuDlM1sRLNnY3QcBS69UIz2mcKhMxDsdewhjg==",
			"license": "MIT",
			"peerDependencies": {
				"@types/react": "*",
				"react": "^16.8 || ^17.0 || ^18.0 || ^19.0 || ^19.0.0-rc"
			},
			"peerDependenciesMeta": {
				"@types/react": {
					"optional": true
				}
			}
		},
		"node_modules/@radix-ui/react-dismissable-layer": {
			"version": "1.1.5",
			"resolved": "https://registry.npmjs.org/@radix-ui/react-dismissable-layer/-/react-dismissable-layer-1.1.5.tgz",
			"integrity": "sha512-E4TywXY6UsXNRhFrECa5HAvE5/4BFcGyfTyK36gP+pAW1ed7UTK4vKwdr53gAJYwqbfCWC6ATvJa3J3R/9+Qrg==",
			"license": "MIT",
			"dependencies": {
				"@radix-ui/primitive": "1.1.1",
				"@radix-ui/react-compose-refs": "1.1.1",
				"@radix-ui/react-primitive": "2.0.2",
				"@radix-ui/react-use-callback-ref": "1.1.0",
				"@radix-ui/react-use-escape-keydown": "1.1.0"
			},
			"peerDependencies": {
				"@types/react": "*",
				"@types/react-dom": "*",
				"react": "^16.8 || ^17.0 || ^18.0 || ^19.0 || ^19.0.0-rc",
				"react-dom": "^16.8 || ^17.0 || ^18.0 || ^19.0 || ^19.0.0-rc"
			},
			"peerDependenciesMeta": {
				"@types/react": {
					"optional": true
				},
				"@types/react-dom": {
					"optional": true
				}
			}
		},
		"node_modules/@radix-ui/react-focus-guards": {
			"version": "1.1.1",
			"resolved": "https://registry.npmjs.org/@radix-ui/react-focus-guards/-/react-focus-guards-1.1.1.tgz",
			"integrity": "sha512-pSIwfrT1a6sIoDASCSpFwOasEwKTZWDw/iBdtnqKO7v6FeOzYJ7U53cPzYFVR3geGGXgVHaH+CdngrrAzqUGxg==",
			"license": "MIT",
			"peerDependencies": {
				"@types/react": "*",
				"react": "^16.8 || ^17.0 || ^18.0 || ^19.0 || ^19.0.0-rc"
			},
			"peerDependenciesMeta": {
				"@types/react": {
					"optional": true
				}
			}
		},
		"node_modules/@radix-ui/react-focus-scope": {
			"version": "1.1.2",
			"resolved": "https://registry.npmjs.org/@radix-ui/react-focus-scope/-/react-focus-scope-1.1.2.tgz",
			"integrity": "sha512-zxwE80FCU7lcXUGWkdt6XpTTCKPitG1XKOwViTxHVKIJhZl9MvIl2dVHeZENCWD9+EdWv05wlaEkRXUykU27RA==",
			"license": "MIT",
			"dependencies": {
				"@radix-ui/react-compose-refs": "1.1.1",
				"@radix-ui/react-primitive": "2.0.2",
				"@radix-ui/react-use-callback-ref": "1.1.0"
			},
			"peerDependencies": {
				"@types/react": "*",
				"@types/react-dom": "*",
				"react": "^16.8 || ^17.0 || ^18.0 || ^19.0 || ^19.0.0-rc",
				"react-dom": "^16.8 || ^17.0 || ^18.0 || ^19.0 || ^19.0.0-rc"
			},
			"peerDependenciesMeta": {
				"@types/react": {
					"optional": true
				},
				"@types/react-dom": {
					"optional": true
				}
			}
		},
		"node_modules/@radix-ui/react-icons": {
			"version": "1.3.2",
			"resolved": "https://registry.npmjs.org/@radix-ui/react-icons/-/react-icons-1.3.2.tgz",
			"integrity": "sha512-fyQIhGDhzfc9pK2kH6Pl9c4BDJGfMkPqkyIgYDthyNYoNg3wVhoJMMh19WS4Up/1KMPFVpNsT2q3WmXn2N1m6g==",
			"license": "MIT",
			"peerDependencies": {
				"react": "^16.x || ^17.x || ^18.x || ^19.0.0 || ^19.0.0-rc"
			}
		},
		"node_modules/@radix-ui/react-id": {
			"version": "1.1.0",
			"resolved": "https://registry.npmjs.org/@radix-ui/react-id/-/react-id-1.1.0.tgz",
			"integrity": "sha512-EJUrI8yYh7WOjNOqpoJaf1jlFIH2LvtgAl+YcFqNCa+4hj64ZXmPkAKOFs/ukjz3byN6bdb/AVUqHkI8/uWWMA==",
			"license": "MIT",
			"dependencies": {
				"@radix-ui/react-use-layout-effect": "1.1.0"
			},
			"peerDependencies": {
				"@types/react": "*",
				"react": "^16.8 || ^17.0 || ^18.0 || ^19.0 || ^19.0.0-rc"
			},
			"peerDependenciesMeta": {
				"@types/react": {
					"optional": true
				}
			}
		},
		"node_modules/@radix-ui/react-portal": {
			"version": "1.1.4",
			"resolved": "https://registry.npmjs.org/@radix-ui/react-portal/-/react-portal-1.1.4.tgz",
			"integrity": "sha512-sn2O9k1rPFYVyKd5LAJfo96JlSGVFpa1fS6UuBJfrZadudiw5tAmru+n1x7aMRQ84qDM71Zh1+SzK5QwU0tJfA==",
			"license": "MIT",
			"dependencies": {
				"@radix-ui/react-primitive": "2.0.2",
				"@radix-ui/react-use-layout-effect": "1.1.0"
			},
			"peerDependencies": {
				"@types/react": "*",
				"@types/react-dom": "*",
				"react": "^16.8 || ^17.0 || ^18.0 || ^19.0 || ^19.0.0-rc",
				"react-dom": "^16.8 || ^17.0 || ^18.0 || ^19.0 || ^19.0.0-rc"
			},
			"peerDependenciesMeta": {
				"@types/react": {
					"optional": true
				},
				"@types/react-dom": {
					"optional": true
				}
			}
		},
		"node_modules/@radix-ui/react-presence": {
			"version": "1.1.2",
			"resolved": "https://registry.npmjs.org/@radix-ui/react-presence/-/react-presence-1.1.2.tgz",
			"integrity": "sha512-18TFr80t5EVgL9x1SwF/YGtfG+l0BS0PRAlCWBDoBEiDQjeKgnNZRVJp/oVBl24sr3Gbfwc/Qpj4OcWTQMsAEg==",
			"license": "MIT",
			"dependencies": {
				"@radix-ui/react-compose-refs": "1.1.1",
				"@radix-ui/react-use-layout-effect": "1.1.0"
			},
			"peerDependencies": {
				"@types/react": "*",
				"@types/react-dom": "*",
				"react": "^16.8 || ^17.0 || ^18.0 || ^19.0 || ^19.0.0-rc",
				"react-dom": "^16.8 || ^17.0 || ^18.0 || ^19.0 || ^19.0.0-rc"
			},
			"peerDependenciesMeta": {
				"@types/react": {
					"optional": true
				},
				"@types/react-dom": {
					"optional": true
				}
			}
		},
		"node_modules/@radix-ui/react-primitive": {
			"version": "2.0.2",
			"resolved": "https://registry.npmjs.org/@radix-ui/react-primitive/-/react-primitive-2.0.2.tgz",
			"integrity": "sha512-Ec/0d38EIuvDF+GZjcMU/Ze6MxntVJYO/fRlCPhCaVUyPY9WTalHJw54tp9sXeJo3tlShWpy41vQRgLRGOuz+w==",
			"license": "MIT",
			"dependencies": {
				"@radix-ui/react-slot": "1.1.2"
			},
			"peerDependencies": {
				"@types/react": "*",
				"@types/react-dom": "*",
				"react": "^16.8 || ^17.0 || ^18.0 || ^19.0 || ^19.0.0-rc",
				"react-dom": "^16.8 || ^17.0 || ^18.0 || ^19.0 || ^19.0.0-rc"
			},
			"peerDependenciesMeta": {
				"@types/react": {
					"optional": true
				},
				"@types/react-dom": {
					"optional": true
				}
			}
		},
		"node_modules/@radix-ui/react-roving-focus": {
			"version": "1.1.2",
			"resolved": "https://registry.npmjs.org/@radix-ui/react-roving-focus/-/react-roving-focus-1.1.2.tgz",
			"integrity": "sha512-zgMQWkNO169GtGqRvYrzb0Zf8NhMHS2DuEB/TiEmVnpr5OqPU3i8lfbxaAmC2J/KYuIQxyoQQ6DxepyXp61/xw==",
			"license": "MIT",
			"dependencies": {
				"@radix-ui/primitive": "1.1.1",
				"@radix-ui/react-collection": "1.1.2",
				"@radix-ui/react-compose-refs": "1.1.1",
				"@radix-ui/react-context": "1.1.1",
				"@radix-ui/react-direction": "1.1.0",
				"@radix-ui/react-id": "1.1.0",
				"@radix-ui/react-primitive": "2.0.2",
				"@radix-ui/react-use-callback-ref": "1.1.0",
				"@radix-ui/react-use-controllable-state": "1.1.0"
			},
			"peerDependencies": {
				"@types/react": "*",
				"@types/react-dom": "*",
				"react": "^16.8 || ^17.0 || ^18.0 || ^19.0 || ^19.0.0-rc",
				"react-dom": "^16.8 || ^17.0 || ^18.0 || ^19.0 || ^19.0.0-rc"
			},
			"peerDependenciesMeta": {
				"@types/react": {
					"optional": true
				},
				"@types/react-dom": {
					"optional": true
				}
			}
		},
		"node_modules/@radix-ui/react-scroll-area": {
			"version": "1.2.3",
			"resolved": "https://registry.npmjs.org/@radix-ui/react-scroll-area/-/react-scroll-area-1.2.3.tgz",
			"integrity": "sha512-l7+NNBfBYYJa9tNqVcP2AGvxdE3lmE6kFTBXdvHgUaZuy+4wGCL1Cl2AfaR7RKyimj7lZURGLwFO59k4eBnDJQ==",
			"license": "MIT",
			"dependencies": {
				"@radix-ui/number": "1.1.0",
				"@radix-ui/primitive": "1.1.1",
				"@radix-ui/react-compose-refs": "1.1.1",
				"@radix-ui/react-context": "1.1.1",
				"@radix-ui/react-direction": "1.1.0",
				"@radix-ui/react-presence": "1.1.2",
				"@radix-ui/react-primitive": "2.0.2",
				"@radix-ui/react-use-callback-ref": "1.1.0",
				"@radix-ui/react-use-layout-effect": "1.1.0"
			},
			"peerDependencies": {
				"@types/react": "*",
				"@types/react-dom": "*",
				"react": "^16.8 || ^17.0 || ^18.0 || ^19.0 || ^19.0.0-rc",
				"react-dom": "^16.8 || ^17.0 || ^18.0 || ^19.0 || ^19.0.0-rc"
			},
			"peerDependenciesMeta": {
				"@types/react": {
					"optional": true
				},
				"@types/react-dom": {
					"optional": true
				}
			}
		},
		"node_modules/@radix-ui/react-slider": {
			"version": "1.2.3",
			"resolved": "https://registry.npmjs.org/@radix-ui/react-slider/-/react-slider-1.2.3.tgz",
			"integrity": "sha512-nNrLAWLjGESnhqBqcCNW4w2nn7LxudyMzeB6VgdyAnFLC6kfQgnAjSL2v6UkQTnDctJBlxrmxfplWS4iYjdUTw==",
			"license": "MIT",
			"dependencies": {
				"@radix-ui/number": "1.1.0",
				"@radix-ui/primitive": "1.1.1",
				"@radix-ui/react-collection": "1.1.2",
				"@radix-ui/react-compose-refs": "1.1.1",
				"@radix-ui/react-context": "1.1.1",
				"@radix-ui/react-direction": "1.1.0",
				"@radix-ui/react-primitive": "2.0.2",
				"@radix-ui/react-use-controllable-state": "1.1.0",
				"@radix-ui/react-use-layout-effect": "1.1.0",
				"@radix-ui/react-use-previous": "1.1.0",
				"@radix-ui/react-use-size": "1.1.0"
			},
			"peerDependencies": {
				"@types/react": "*",
				"@types/react-dom": "*",
				"react": "^16.8 || ^17.0 || ^18.0 || ^19.0 || ^19.0.0-rc",
				"react-dom": "^16.8 || ^17.0 || ^18.0 || ^19.0 || ^19.0.0-rc"
			},
			"peerDependenciesMeta": {
				"@types/react": {
					"optional": true
				},
				"@types/react-dom": {
					"optional": true
				}
			}
		},
		"node_modules/@radix-ui/react-slot": {
			"version": "1.1.2",
			"resolved": "https://registry.npmjs.org/@radix-ui/react-slot/-/react-slot-1.1.2.tgz",
			"integrity": "sha512-YAKxaiGsSQJ38VzKH86/BPRC4rh+b1Jpa+JneA5LRE7skmLPNAyeG8kPJj/oo4STLvlrs8vkf/iYyc3A5stYCQ==",
			"license": "MIT",
			"dependencies": {
				"@radix-ui/react-compose-refs": "1.1.1"
			},
			"peerDependencies": {
				"@types/react": "*",
				"react": "^16.8 || ^17.0 || ^18.0 || ^19.0 || ^19.0.0-rc"
			},
			"peerDependenciesMeta": {
				"@types/react": {
					"optional": true
				}
			}
		},
		"node_modules/@radix-ui/react-tabs": {
			"version": "1.1.3",
			"resolved": "https://registry.npmjs.org/@radix-ui/react-tabs/-/react-tabs-1.1.3.tgz",
			"integrity": "sha512-9mFyI30cuRDImbmFF6O2KUJdgEOsGh9Vmx9x/Dh9tOhL7BngmQPQfwW4aejKm5OHpfWIdmeV6ySyuxoOGjtNng==",
			"license": "MIT",
			"dependencies": {
				"@radix-ui/primitive": "1.1.1",
				"@radix-ui/react-context": "1.1.1",
				"@radix-ui/react-direction": "1.1.0",
				"@radix-ui/react-id": "1.1.0",
				"@radix-ui/react-presence": "1.1.2",
				"@radix-ui/react-primitive": "2.0.2",
				"@radix-ui/react-roving-focus": "1.1.2",
				"@radix-ui/react-use-controllable-state": "1.1.0"
			},
			"peerDependencies": {
				"@types/react": "*",
				"@types/react-dom": "*",
				"react": "^16.8 || ^17.0 || ^18.0 || ^19.0 || ^19.0.0-rc",
				"react-dom": "^16.8 || ^17.0 || ^18.0 || ^19.0 || ^19.0.0-rc"
			},
			"peerDependenciesMeta": {
				"@types/react": {
					"optional": true
				},
				"@types/react-dom": {
					"optional": true
				}
			}
		},
		"node_modules/@radix-ui/react-use-callback-ref": {
			"version": "1.1.0",
			"resolved": "https://registry.npmjs.org/@radix-ui/react-use-callback-ref/-/react-use-callback-ref-1.1.0.tgz",
			"integrity": "sha512-CasTfvsy+frcFkbXtSJ2Zu9JHpN8TYKxkgJGWbjiZhFivxaeW7rMeZt7QELGVLaYVfFMsKHjb7Ak0nMEe+2Vfw==",
			"license": "MIT",
			"peerDependencies": {
				"@types/react": "*",
				"react": "^16.8 || ^17.0 || ^18.0 || ^19.0 || ^19.0.0-rc"
			},
			"peerDependenciesMeta": {
				"@types/react": {
					"optional": true
				}
			}
		},
		"node_modules/@radix-ui/react-use-controllable-state": {
			"version": "1.1.0",
			"resolved": "https://registry.npmjs.org/@radix-ui/react-use-controllable-state/-/react-use-controllable-state-1.1.0.tgz",
			"integrity": "sha512-MtfMVJiSr2NjzS0Aa90NPTnvTSg6C/JLCV7ma0W6+OMV78vd8OyRpID+Ng9LxzsPbLeuBnWBA1Nq30AtBIDChw==",
			"license": "MIT",
			"dependencies": {
				"@radix-ui/react-use-callback-ref": "1.1.0"
			},
			"peerDependencies": {
				"@types/react": "*",
				"react": "^16.8 || ^17.0 || ^18.0 || ^19.0 || ^19.0.0-rc"
			},
			"peerDependenciesMeta": {
				"@types/react": {
					"optional": true
				}
			}
		},
		"node_modules/@radix-ui/react-use-escape-keydown": {
			"version": "1.1.0",
			"resolved": "https://registry.npmjs.org/@radix-ui/react-use-escape-keydown/-/react-use-escape-keydown-1.1.0.tgz",
			"integrity": "sha512-L7vwWlR1kTTQ3oh7g1O0CBF3YCyyTj8NmhLR+phShpyA50HCfBFKVJTpshm9PzLiKmehsrQzTYTpX9HvmC9rhw==",
			"license": "MIT",
			"dependencies": {
				"@radix-ui/react-use-callback-ref": "1.1.0"
			},
			"peerDependencies": {
				"@types/react": "*",
				"react": "^16.8 || ^17.0 || ^18.0 || ^19.0 || ^19.0.0-rc"
			},
			"peerDependenciesMeta": {
				"@types/react": {
					"optional": true
				}
			}
		},
		"node_modules/@radix-ui/react-use-layout-effect": {
			"version": "1.1.0",
			"resolved": "https://registry.npmjs.org/@radix-ui/react-use-layout-effect/-/react-use-layout-effect-1.1.0.tgz",
			"integrity": "sha512-+FPE0rOdziWSrH9athwI1R0HDVbWlEhd+FR+aSDk4uWGmSJ9Z54sdZVDQPZAinJhJXwfT+qnj969mCsT2gfm5w==",
			"license": "MIT",
			"peerDependencies": {
				"@types/react": "*",
				"react": "^16.8 || ^17.0 || ^18.0 || ^19.0 || ^19.0.0-rc"
			},
			"peerDependenciesMeta": {
				"@types/react": {
					"optional": true
				}
			}
		},
		"node_modules/@radix-ui/react-use-previous": {
			"version": "1.1.0",
			"resolved": "https://registry.npmjs.org/@radix-ui/react-use-previous/-/react-use-previous-1.1.0.tgz",
			"integrity": "sha512-Z/e78qg2YFnnXcW88A4JmTtm4ADckLno6F7OXotmkQfeuCVaKuYzqAATPhVzl3delXE7CxIV8shofPn3jPc5Og==",
			"license": "MIT",
			"peerDependencies": {
				"@types/react": "*",
				"react": "^16.8 || ^17.0 || ^18.0 || ^19.0 || ^19.0.0-rc"
			},
			"peerDependenciesMeta": {
				"@types/react": {
					"optional": true
				}
			}
		},
		"node_modules/@radix-ui/react-use-size": {
			"version": "1.1.0",
			"resolved": "https://registry.npmjs.org/@radix-ui/react-use-size/-/react-use-size-1.1.0.tgz",
			"integrity": "sha512-XW3/vWuIXHa+2Uwcc2ABSfcCledmXhhQPlGbfcRXbiUQI5Icjcg19BGCZVKKInYbvUCut/ufbbLLPFC5cbb1hw==",
			"license": "MIT",
			"dependencies": {
				"@radix-ui/react-use-layout-effect": "1.1.0"
			},
			"peerDependencies": {
				"@types/react": "*",
				"react": "^16.8 || ^17.0 || ^18.0 || ^19.0 || ^19.0.0-rc"
			},
			"peerDependenciesMeta": {
				"@types/react": {
					"optional": true
				}
			}
		},
		"node_modules/@types/cookie": {
			"version": "0.6.0",
			"resolved": "https://registry.npmjs.org/@types/cookie/-/cookie-0.6.0.tgz",
			"integrity": "sha512-4Kh9a6B2bQciAhf7FSuMRRkUWecJgJu9nPnx3yzpsfXX/c50REIqpHY4C82bXP90qrLtXtkDxTZosYO3UpOwlA==",
			"license": "MIT"
		},
		"node_modules/aria-hidden": {
			"version": "1.2.4",
			"resolved": "https://registry.npmjs.org/aria-hidden/-/aria-hidden-1.2.4.tgz",
			"integrity": "sha512-y+CcFFwelSXpLZk/7fMB2mUbGtX9lKycf1MWJ7CaTIERyitVlyQx6C+sxcROU2BAJ24OiZyK+8wj2i8AlBoS3A==",
			"license": "MIT",
			"dependencies": {
				"tslib": "^2.0.0"
			},
			"engines": {
				"node": ">=10"
			}
		},
		"node_modules/class-variance-authority": {
			"version": "0.7.1",
			"resolved": "https://registry.npmjs.org/class-variance-authority/-/class-variance-authority-0.7.1.tgz",
			"integrity": "sha512-Ka+9Trutv7G8M6WT6SeiRWz792K5qEqIGEGzXKhAE6xOWAY6pPH8U+9IY3oCMv6kqTmLsv7Xh/2w2RigkePMsg==",
			"license": "Apache-2.0",
			"dependencies": {
				"clsx": "^2.1.1"
			},
			"funding": {
				"url": "https://polar.sh/cva"
			}
		},
		"node_modules/clsx": {
			"version": "2.1.1",
			"resolved": "https://registry.npmjs.org/clsx/-/clsx-2.1.1.tgz",
			"integrity": "sha512-eYm0QWBtUrBWZWG0d386OGAw16Z995PiOVo2B7bjWSbHedGl5e0ZWaq65kOGgUSNesEIDkB9ISbTg/JK9dhCZA==",
			"license": "MIT",
			"engines": {
				"node": ">=6"
			}
		},
		"node_modules/cookie": {
			"version": "1.0.2",
			"resolved": "https://registry.npmjs.org/cookie/-/cookie-1.0.2.tgz",
			"integrity": "sha512-9Kr/j4O16ISv8zBBhJoi4bXOYNTkFLOqSL3UDB0njXxCXNezjeyVrJyGOWtgfs/q2km1gwBcfH8q1yEGoMYunA==",
			"license": "MIT",
			"engines": {
				"node": ">=18"
			}
		},
		"node_modules/csstype": {
			"version": "3.1.3",
			"resolved": "https://registry.npmjs.org/csstype/-/csstype-3.1.3.tgz",
			"integrity": "sha512-M1uQkMl8rQK/szD0LNhtqxIPLpimGm8sOBwU7lLnCpSbTyY3yeU1Vc7l4KT5zT4s/yOxHH5O7tIuuLOCnLADRw==",
			"license": "MIT"
		},
		"node_modules/dequal": {
			"version": "2.0.3",
			"resolved": "https://registry.npmjs.org/dequal/-/dequal-2.0.3.tgz",
			"integrity": "sha512-0je+qPKHEMohvfRTCEo3CrPG6cAzAYgmzKyxRiYSSDkS6eGJdyVJm7WaYA5ECaAD9wLB2T4EEeymA5aFVcYXCA==",
			"license": "MIT",
			"engines": {
				"node": ">=6"
			}
		},
		"node_modules/detect-node-es": {
			"version": "1.1.0",
			"resolved": "https://registry.npmjs.org/detect-node-es/-/detect-node-es-1.1.0.tgz",
			"integrity": "sha512-ypdmJU/TbBby2Dxibuv7ZLW3Bs1QEmM7nHjEANfohJLvE0XVujisn1qPJcZxg+qDucsr+bP6fLD1rPS3AhJ7EQ==",
			"license": "MIT"
		},
		"node_modules/get-nonce": {
			"version": "1.0.1",
			"resolved": "https://registry.npmjs.org/get-nonce/-/get-nonce-1.0.1.tgz",
			"integrity": "sha512-FJhYRoDaiatfEkUK8HKlicmu/3SGFD51q3itKDGoSTysQJBnfOcxU5GxnhE1E6soB76MbT0MBtnKJuXyAx+96Q==",
			"license": "MIT",
			"engines": {
				"node": ">=6"
			}
		},
		"node_modules/glob-to-regexp": {
			"version": "0.4.1",
			"resolved": "https://registry.npmjs.org/glob-to-regexp/-/glob-to-regexp-0.4.1.tgz",
			"integrity": "sha512-lkX1HJXwyMcprw/5YUZc2s7DrpAiHB21/V+E1rHUrVNokkvB6bqMzT0VfV6/86ZNabt1k14YOIaT7nDvOX3Iiw==",
			"license": "BSD-2-Clause"
		},
		"node_modules/goober": {
			"version": "2.1.16",
			"resolved": "https://registry.npmjs.org/goober/-/goober-2.1.16.tgz",
			"integrity": "sha512-erjk19y1U33+XAMe1VTvIONHYoSqE4iS7BYUZfHaqeohLmnC0FdxEh7rQU+6MZ4OajItzjZFSRtVANrQwNq6/g==",
			"license": "MIT",
			"peerDependencies": {
				"csstype": "^3.0.10"
			}
		},
		"node_modules/js-cookie": {
			"version": "3.0.5",
			"resolved": "https://registry.npmjs.org/js-cookie/-/js-cookie-3.0.5.tgz",
			"integrity": "sha512-cEiJEAEoIbWfCZYKWhVwFuvPX1gETRYPw6LlaTKoxD3s2AkXzkCjnp6h0V77ozyqj0jakteJ4YqDJT830+lVGw==",
			"license": "MIT",
			"engines": {
				"node": ">=14"
			}
		},
		"node_modules/lucide-react": {
			"version": "0.483.0",
			"resolved": "https://registry.npmjs.org/lucide-react/-/lucide-react-0.483.0.tgz",
			"integrity": "sha512-WldsY17Qb/T3VZdMnVQ9C3DDIP7h1ViDTHVdVGnLZcvHNg30zH/MTQ04RTORjexoGmpsXroiQXZ4QyR0kBy0FA==",
			"license": "ISC",
			"peerDependencies": {
				"react": "^16.5.1 || ^17.0.0 || ^18.0.0 || ^19.0.0"
			}
		},
		"node_modules/react": {
			"version": "19.0.0",
			"resolved": "https://registry.npmjs.org/react/-/react-19.0.0.tgz",
			"integrity": "sha512-V8AVnmPIICiWpGfm6GLzCR/W5FXLchHop40W4nXBmdlEceh16rCN8O8LNWm5bh5XUX91fh7KpA+W0TgMKmgTpQ==",
			"license": "MIT",
			"peer": true,
			"engines": {
				"node": ">=0.10.0"
			}
		},
		"node_modules/react-dom": {
			"version": "19.0.0",
			"resolved": "https://registry.npmjs.org/react-dom/-/react-dom-19.0.0.tgz",
			"integrity": "sha512-4GV5sHFG0e/0AD4X+ySy6UJd3jVl1iNsNHdpad0qhABJ11twS3TTBnseqsKurKcsNqCEFeGL3uLpVChpIO3QfQ==",
			"license": "MIT",
			"peer": true,
			"dependencies": {
				"scheduler": "^0.25.0"
			},
			"peerDependencies": {
				"react": "^19.0.0"
			}
		},
		"node_modules/react-hot-toast": {
			"version": "2.5.2",
			"resolved": "https://registry.npmjs.org/react-hot-toast/-/react-hot-toast-2.5.2.tgz",
			"integrity": "sha512-Tun3BbCxzmXXM7C+NI4qiv6lT0uwGh4oAfeJyNOjYUejTsm35mK9iCaYLGv8cBz9L5YxZLx/2ii7zsIwPtPUdw==",
			"license": "MIT",
			"dependencies": {
				"csstype": "^3.1.3",
				"goober": "^2.1.16"
			},
			"engines": {
				"node": ">=10"
			},
			"peerDependencies": {
				"react": ">=16",
				"react-dom": ">=16"
			}
		},
		"node_modules/react-remove-scroll": {
			"version": "2.6.3",
			"resolved": "https://registry.npmjs.org/react-remove-scroll/-/react-remove-scroll-2.6.3.tgz",
			"integrity": "sha512-pnAi91oOk8g8ABQKGF5/M9qxmmOPxaAnopyTHYfqYEwJhyFrbbBtHuSgtKEoH0jpcxx5o3hXqH1mNd9/Oi+8iQ==",
			"license": "MIT",
			"dependencies": {
				"react-remove-scroll-bar": "^2.3.7",
				"react-style-singleton": "^2.2.3",
				"tslib": "^2.1.0",
				"use-callback-ref": "^1.3.3",
				"use-sidecar": "^1.1.3"
			},
			"engines": {
				"node": ">=10"
			},
			"peerDependencies": {
				"@types/react": "*",
				"react": "^16.8.0 || ^17.0.0 || ^18.0.0 || ^19.0.0 || ^19.0.0-rc"
			},
			"peerDependenciesMeta": {
				"@types/react": {
					"optional": true
				}
			}
		},
		"node_modules/react-remove-scroll-bar": {
			"version": "2.3.8",
			"resolved": "https://registry.npmjs.org/react-remove-scroll-bar/-/react-remove-scroll-bar-2.3.8.tgz",
			"integrity": "sha512-9r+yi9+mgU33AKcj6IbT9oRCO78WriSj6t/cF8DWBZJ9aOGPOTEDvdUDz1FwKim7QXWwmHqtdHnRJfhAxEG46Q==",
			"license": "MIT",
			"dependencies": {
				"react-style-singleton": "^2.2.2",
				"tslib": "^2.0.0"
			},
			"engines": {
				"node": ">=10"
			},
			"peerDependencies": {
				"@types/react": "*",
				"react": "^16.8.0 || ^17.0.0 || ^18.0.0 || ^19.0.0"
			},
			"peerDependenciesMeta": {
				"@types/react": {
					"optional": true
				}
			}
		},
		"node_modules/react-resizable-panels": {
			"version": "2.1.7",
			"resolved": "https://registry.npmjs.org/react-resizable-panels/-/react-resizable-panels-2.1.7.tgz",
			"integrity": "sha512-JtT6gI+nURzhMYQYsx8DKkx6bSoOGFp7A3CwMrOb8y5jFHFyqwo9m68UhmXRw57fRVJksFn1TSlm3ywEQ9vMgA==",
			"license": "MIT",
			"peerDependencies": {
				"react": "^16.14.0 || ^17.0.0 || ^18.0.0 || ^19.0.0 || ^19.0.0-rc",
				"react-dom": "^16.14.0 || ^17.0.0 || ^18.0.0 || ^19.0.0 || ^19.0.0-rc"
			}
		},
		"node_modules/react-router": {
			"version": "7.4.0",
			"resolved": "https://registry.npmjs.org/react-router/-/react-router-7.4.0.tgz",
			"integrity": "sha512-Y2g5ObjkvX3VFeVt+0CIPuYd9PpgqCslG7ASSIdN73LwA1nNWzcMLaoMRJfP3prZFI92svxFwbn7XkLJ+UPQ6A==",
			"license": "MIT",
			"dependencies": {
				"@types/cookie": "^0.6.0",
				"cookie": "^1.0.1",
				"set-cookie-parser": "^2.6.0",
				"turbo-stream": "2.4.0"
			},
			"engines": {
				"node": ">=20.0.0"
			},
			"peerDependencies": {
				"react": ">=18",
				"react-dom": ">=18"
			},
			"peerDependenciesMeta": {
				"react-dom": {
					"optional": true
				}
			}
		},
		"node_modules/react-router-dom": {
			"version": "7.4.0",
			"resolved": "https://registry.npmjs.org/react-router-dom/-/react-router-dom-7.4.0.tgz",
			"integrity": "sha512-VlksBPf3n2bijPvnA7nkTsXxMAKOj+bWp4R9c3i+bnwlSOFAGOkJkKhzy/OsRkWaBMICqcAl1JDzh9ZSOze9CA==",
			"license": "MIT",
			"dependencies": {
				"react-router": "7.4.0"
			},
			"engines": {
				"node": ">=20.0.0"
			},
			"peerDependencies": {
				"react": ">=18",
				"react-dom": ">=18"
			}
		},
		"node_modules/react-style-singleton": {
			"version": "2.2.3",
			"resolved": "https://registry.npmjs.org/react-style-singleton/-/react-style-singleton-2.2.3.tgz",
			"integrity": "sha512-b6jSvxvVnyptAiLjbkWLE/lOnR4lfTtDAl+eUC7RZy+QQWc6wRzIV2CE6xBuMmDxc2qIihtDCZD5NPOFl7fRBQ==",
			"license": "MIT",
			"dependencies": {
				"get-nonce": "^1.0.0",
				"tslib": "^2.0.0"
			},
			"engines": {
				"node": ">=10"
			},
			"peerDependencies": {
				"@types/react": "*",
				"react": "^16.8.0 || ^17.0.0 || ^18.0.0 || ^19.0.0 || ^19.0.0-rc"
			},
			"peerDependenciesMeta": {
				"@types/react": {
					"optional": true
				}
			}
		},
		"node_modules/scheduler": {
			"version": "0.25.0",
			"resolved": "https://registry.npmjs.org/scheduler/-/scheduler-0.25.0.tgz",
			"integrity": "sha512-xFVuu11jh+xcO7JOAGJNOXld8/TcEHK/4CituBUeUb5hqxJLj9YuemAEuvm9gQ/+pgXYfbQuqAkiYu+u7YEsNA==",
			"license": "MIT",
			"peer": true
		},
		"node_modules/set-cookie-parser": {
			"version": "2.7.1",
			"resolved": "https://registry.npmjs.org/set-cookie-parser/-/set-cookie-parser-2.7.1.tgz",
			"integrity": "sha512-IOc8uWeOZgnb3ptbCURJWNjWUPcO3ZnTTdzsurqERrP6nPyv+paC55vJM0LpOlT2ne+Ix+9+CRG1MNLlyZ4GjQ==",
			"license": "MIT"
		},
		"node_modules/std-env": {
			"version": "3.8.1",
			"resolved": "https://registry.npmjs.org/std-env/-/std-env-3.8.1.tgz",
			"integrity": "sha512-vj5lIj3Mwf9D79hBkltk5qmkFI+biIKWS2IBxEyEU3AX1tUf7AoL8nSazCOiiqQsGKIq01SClsKEzweu34uwvA==",
			"license": "MIT"
		},
		"node_modules/swr": {
			"version": "2.3.3",
			"resolved": "https://registry.npmjs.org/swr/-/swr-2.3.3.tgz",
			"integrity": "sha512-dshNvs3ExOqtZ6kJBaAsabhPdHyeY4P2cKwRCniDVifBMoG/SVI7tfLWqPXriVspf2Rg4tPzXJTnwaihIeFw2A==",
			"license": "MIT",
			"dependencies": {
				"dequal": "^2.0.3",
				"use-sync-external-store": "^1.4.0"
			},
			"peerDependencies": {
				"react": "^16.11.0 || ^17.0.0 || ^18.0.0 || ^19.0.0"
			}
		},
		"node_modules/tslib": {
			"version": "2.8.1",
			"resolved": "https://registry.npmjs.org/tslib/-/tslib-2.8.1.tgz",
			"integrity": "sha512-oJFu94HQb+KVduSUQL7wnpmqnfmLsOA/nAh6b6EH0wCEoK0/mPeXU6c3wKDV83MkOuHPRHtSXKKU99IBazS/2w==",
			"license": "0BSD"
		},
		"node_modules/turbo-stream": {
			"version": "2.4.0",
			"resolved": "https://registry.npmjs.org/turbo-stream/-/turbo-stream-2.4.0.tgz",
			"integrity": "sha512-FHncC10WpBd2eOmGwpmQsWLDoK4cqsA/UT/GqNoaKOQnT8uzhtCbg3EoUDMvqpOSAI0S26mr0rkjzbOO6S3v1g==",
			"license": "ISC"
		},
		"node_modules/typescript": {
			"version": "5.8.2",
			"resolved": "https://registry.npmjs.org/typescript/-/typescript-5.8.2.tgz",
			"integrity": "sha512-aJn6wq13/afZp/jT9QZmwEjDqqvSGp1VT5GVg+f/t6/oVyrgXM6BY1h9BRh/O5p3PlUPAe+WuiEZOmb/49RqoQ==",
			"dev": true,
			"license": "Apache-2.0",
			"bin": {
				"tsc": "bin/tsc",
				"tsserver": "bin/tsserver"
			},
			"engines": {
				"node": ">=14.17"
			}
		},
		"node_modules/use-callback-ref": {
			"version": "1.3.3",
			"resolved": "https://registry.npmjs.org/use-callback-ref/-/use-callback-ref-1.3.3.tgz",
			"integrity": "sha512-jQL3lRnocaFtu3V00JToYz/4QkNWswxijDaCVNZRiRTO3HQDLsdu1ZtmIUvV4yPp+rvWm5j0y0TG/S61cuijTg==",
			"license": "MIT",
			"dependencies": {
				"tslib": "^2.0.0"
			},
			"engines": {
				"node": ">=10"
			},
			"peerDependencies": {
				"@types/react": "*",
				"react": "^16.8.0 || ^17.0.0 || ^18.0.0 || ^19.0.0 || ^19.0.0-rc"
			},
			"peerDependenciesMeta": {
				"@types/react": {
					"optional": true
				}
			}
		},
		"node_modules/use-sidecar": {
			"version": "1.1.3",
			"resolved": "https://registry.npmjs.org/use-sidecar/-/use-sidecar-1.1.3.tgz",
			"integrity": "sha512-Fedw0aZvkhynoPYlA5WXrMCAMm+nSWdZt6lzJQ7Ok8S6Q+VsHmHpRWndVRJ8Be0ZbkfPc5LRYH+5XrzXcEeLRQ==",
			"license": "MIT",
			"dependencies": {
				"detect-node-es": "^1.1.0",
				"tslib": "^2.0.0"
			},
			"engines": {
				"node": ">=10"
			},
			"peerDependencies": {
				"@types/react": "*",
				"react": "^16.8.0 || ^17.0.0 || ^18.0.0 || ^19.0.0 || ^19.0.0-rc"
			},
			"peerDependenciesMeta": {
				"@types/react": {
					"optional": true
				}
			}
		},
		"node_modules/use-sync-external-store": {
			"version": "1.4.0",
			"resolved": "https://registry.npmjs.org/use-sync-external-store/-/use-sync-external-store-1.4.0.tgz",
			"integrity": "sha512-9WXSPC5fMv61vaupRkCKCxsPxBocVnwakBEkMIHHpkTTg6icbJtg6jzgtLDm4bl3cSHAca52rYWih0k4K3PfHw==",
			"license": "MIT",
			"peerDependencies": {
				"react": "^16.8.0 || ^17.0.0 || ^18.0.0 || ^19.0.0"
			}
		}
	}
}
